
Microsoft Visual Studio Solution File, Format Version 12.00
# Visual Studio Version 17
VisualStudioVersion = 17.1.32319.34
MinimumVisualStudioVersion = 10.0.40219.1
Project("{FAE04EC0-301F-11D3-BF4B-00C04F79EFBC}") = "YobbinCallouts", "YobbinCallouts.csproj", "{2DD3A11E-3F0A-4324-8E9E-B3CE85718444}"
EndProject
Global
	GlobalSection(SolutionConfigurationPlatforms) = preSolution
		Debug|x86 = Debug|x86
		Release|x86 = Release|x86
	EndGlobalSection
	GlobalSection(ProjectConfigurationPlatforms) = postSolution
		{2DD3A11E-3F0A-4324-8E9E-B3CE85718444}.Debug|x86.ActiveCfg = Debug|Any CPU
		{2DD3A11E-3F0A-4324-8E9E-B3CE85718444}.Debug|x86.Build.0 = Debug|Any CPU
		{2DD3A11E-3F0A-4324-8E9E-B3CE85718444}.Release|x86.ActiveCfg = Release|x86
		{2DD3A11E-3F0A-4324-8E9E-B3CE85718444}.Release|x86.Build.0 = Release|x86
	EndGlobalSection
	GlobalSection(SolutionProperties) = preSolution
		HideSolutionNode = FALSE
	EndGlobalSection
	GlobalSection(ExtensibilityGlobals) = postSolution
		SolutionGuid = {EA344063-C213-47D2-8616-681E3CC2A1B8}
	EndGlobalSection
EndGlobal
